{
    "name": "pem-ts",
    "version": "4.0.0",
    "lockfileVersion": 2,
    "requires": true,
    "packages": {
        "": {
            "name": "pem-ts",
            "version": "4.0.0",
            "license": "MIT",
            "dependencies": {
                "@std/encoding": "npm:@jsr/std__encoding@^1.0.10"
            },
            "devDependencies": {
                "typescript": "5.x.x"
            }
        },
        "node_modules/@std/encoding": {
            "name": "@jsr/std__encoding",
            "version": "1.0.10",
            "resolved": "https://npm.jsr.io/~/11/@jsr/std__encoding/1.0.10.tgz",
            "integrity": "sha512-WK2njnDTyKefroRNk2Ooq7GStp6Y0ccAvr4To+Z/zecRAGe7+OSvH9DbiaHpAKwEi2KQbmpWMOYsdNt+TsdmSw=="
        },
        "node_modules/typescript": {
            "version": "5.8.3",
            "resolved": "https://registry.npmjs.org/typescript/-/typescript-5.8.3.tgz",
            "integrity": "sha512-p1diW6TqL9L07nNxvRMM7hMMw4c5XOo/1ibL4aAIGmSAt9slTE1Xgw5KWuof2uTOvCg9BY7ZRi+GaF+7sfgPeQ==",
            "dev": true,
            "license": "Apache-2.0",
            "bin": {
                "tsc": "bin/tsc",
                "tsserver": "bin/tsserver"
            },
            "engines": {
                "node": ">=14.17"
            }
        }
    },
    "dependencies": {
        "@std/encoding": {
            "version": "npm:@jsr/std__encoding@1.0.10",
            "resolved": "https://npm.jsr.io/~/11/@jsr/std__encoding/1.0.10.tgz",
            "integrity": "sha512-WK2njnDTyKefroRNk2Ooq7GStp6Y0ccAvr4To+Z/zecRAGe7+OSvH9DbiaHpAKwEi2KQbmpWMOYsdNt+TsdmSw=="
        },
        "typescript": {
            "version": "5.8.3",
            "resolved": "https://registry.npmjs.org/typescript/-/typescript-5.8.3.tgz",
            "integrity": "sha512-p1diW6TqL9L07nNxvRMM7hMMw4c5XOo/1ibL4aAIGmSAt9slTE1Xgw5KWuof2uTOvCg9BY7ZRi+GaF+7sfgPeQ==",
            "dev": true
        }
    }
}
